// !$*UTF8*$!
{
	archiveVersion = 1;
	classes = {
	};
	objectVersion = 56;
	objects = {

/* Begin PBXBuildFile section */
		4275162E29E63C6900EE2D9F /* LandmarkAnnotation.swift in Sources */ = {isa = PBXBuildFile; fileRef = 4275162D29E63C6900EE2D9F /* LandmarkAnnotation.swift */; };
		4275163029E63C7E00EE2D9F /* Landmark.swift in Sources */ = {isa = PBXBuildFile; fileRef = 4275162F29E63C7E00EE2D9F /* Landmark.swift */; };
		4275163229E63CB400EE2D9F /* ContentView.swift in Sources */ = {isa = PBXBuildFile; fileRef = 4275163129E63CB400EE2D9F /* ContentView.swift */; };
		4275163429E63CCA00EE2D9F /* MapView.swift in Sources */ = {isa = PBXBuildFile; fileRef = 4275163329E63CCA00EE2D9F /* MapView.swift */; };
		4275163629E63CEA00EE2D9F /* PlaceListView.swift in Sources */ = {isa = PBXBuildFile; fileRef = 4275163529E63CEA00EE2D9F /* PlaceListView.swift */; };
		4275163829E63D1F00EE2D9F /* LocationManagerDonate.swift in Sources */ = {isa = PBXBuildFile; fileRef = 4275163729E63D1F00EE2D9F /* LocationManagerDonate.swift */; };
		429A748D29D48325007EE95E /* Fashion_AppApp.swift in Sources */ = {isa = PBXBuildFile; fileRef = 429A748C29D48325007EE95E /* Fashion_AppApp.swift */; };
		429A749129D48326007EE95E /* Assets.xcassets in Resources */ = {isa = PBXBuildFile; fileRef = 429A749029D48326007EE95E /* Assets.xcassets */; };
		429A749429D48326007EE95E /* Preview Assets.xcassets in Resources */ = {isa = PBXBuildFile; fileRef = 429A749329D48326007EE95E /* Preview Assets.xcassets */; };
		4E181CA929D7365B00A5A49F /* ClothingItem.swift in Sources */ = {isa = PBXBuildFile; fileRef = 4E181CA829D7365B00A5A49F /* ClothingItem.swift */; };
		4E181CAB29D756D700A5A49F /* WardrobeStore.swift in Sources */ = {isa = PBXBuildFile; fileRef = 4E181CAA29D756D700A5A49F /* WardrobeStore.swift */; };
		4E181CCE29DA215600A5A49F /* RangedSliderView.swift in Sources */ = {isa = PBXBuildFile; fileRef = 4E181CCD29DA215600A5A49F /* RangedSliderView.swift */; };
		4E181CD729DA72A500A5A49F /* ImagePicker.swift in Sources */ = {isa = PBXBuildFile; fileRef = 4E181CD629DA72A500A5A49F /* ImagePicker.swift */; };
		4E194F4529E1E28A00E47152 /* TodayDetail.swift in Sources */ = {isa = PBXBuildFile; fileRef = 4E194F4429E1E28A00E47152 /* TodayDetail.swift */; };
		4E194F4929E1E35600E47152 /* TempView.swift in Sources */ = {isa = PBXBuildFile; fileRef = 4E194F4829E1E35600E47152 /* TempView.swift */; };
		4E194F4B29E1F92F00E47152 /* SingleClothingItemView.swift in Sources */ = {isa = PBXBuildFile; fileRef = 4E194F4A29E1F92F00E47152 /* SingleClothingItemView.swift */; };
		4E587D9929E50436008DC5F0 /* ClothingImageView.swift in Sources */ = {isa = PBXBuildFile; fileRef = 4E587D9829E50436008DC5F0 /* ClothingImageView.swift */; };
		4E587D9B29E5A9CA008DC5F0 /* LocationManager.swift in Sources */ = {isa = PBXBuildFile; fileRef = 4E587D9A29E5A9CA008DC5F0 /* LocationManager.swift */; };
		4E587D9D29E5AC71008DC5F0 /* LocationAccessView.swift in Sources */ = {isa = PBXBuildFile; fileRef = 4E587D9C29E5AC71008DC5F0 /* LocationAccessView.swift */; };
		4EE92C3C29D488D30056B868 /* TabContainer.swift in Sources */ = {isa = PBXBuildFile; fileRef = 4EE92C3B29D488D30056B868 /* TabContainer.swift */; };
		4EE92C3E29D488FE0056B868 /* APIError.swift in Sources */ = {isa = PBXBuildFile; fileRef = 4EE92C3D29D488FE0056B868 /* APIError.swift */; };
		4EE92C4029D489090056B868 /* APIClient.swift in Sources */ = {isa = PBXBuildFile; fileRef = 4EE92C3F29D489090056B868 /* APIClient.swift */; };
		4EE92C4229D489760056B868 /* MyCloset.swift in Sources */ = {isa = PBXBuildFile; fileRef = 4EE92C4129D489760056B868 /* MyCloset.swift */; };
		4EE92C4429D489800056B868 /* Calendar.swift in Sources */ = {isa = PBXBuildFile; fileRef = 4EE92C4329D489800056B868 /* Calendar.swift */; };
		4EE92C4629D489890056B868 /* Today.swift in Sources */ = {isa = PBXBuildFile; fileRef = 4EE92C4529D489890056B868 /* Today.swift */; };
		4EE92C4829D4898F0056B868 /* Donate.swift in Sources */ = {isa = PBXBuildFile; fileRef = 4EE92C4729D4898F0056B868 /* Donate.swift */; };
		4EE92C4A29D48F2C0056B868 /* ClothingItemForm.swift in Sources */ = {isa = PBXBuildFile; fileRef = 4EE92C4929D48F2C0056B868 /* ClothingItemForm.swift */; };
		4EFD846529DE3B5D00E31064 /* WeatherEndpoint.swift in Sources */ = {isa = PBXBuildFile; fileRef = 4EFD846429DE3B5D00E31064 /* WeatherEndpoint.swift */; };
		4EFD846729DE4FD500E31064 /* WeatherAPIClient.swift in Sources */ = {isa = PBXBuildFile; fileRef = 4EFD846629DE4FD500E31064 /* WeatherAPIClient.swift */; };
		4EFD846929DE63B700E31064 /* Weather.swift in Sources */ = {isa = PBXBuildFile; fileRef = 4EFD846829DE63B700E31064 /* Weather.swift */; };
		4EFD846B29DF6B6900E31064 /* ForecastLoader.swift in Sources */ = {isa = PBXBuildFile; fileRef = 4EFD846A29DF6B6900E31064 /* ForecastLoader.swift */; };
		4EFD846D29DF6D4B00E31064 /* CurrentConditionsLoader.swift in Sources */ = {isa = PBXBuildFile; fileRef = 4EFD846C29DF6D4B00E31064 /* CurrentConditionsLoader.swift */; };
		4EFD846F29DF752300E31064 /* NumberFormatter.swift in Sources */ = {isa = PBXBuildFile; fileRef = 4EFD846E29DF752300E31064 /* NumberFormatter.swift */; };
		9FE6858429DE3D9A00A49F8D /* SelectTopForm.swift in Sources */ = {isa = PBXBuildFile; fileRef = 9FE6858329DE3D9A00A49F8D /* SelectTopForm.swift */; };
		9FE6858629DE3DA400A49F8D /* SelectBottomForm.swift in Sources */ = {isa = PBXBuildFile; fileRef = 9FE6858529DE3DA400A49F8D /* SelectBottomForm.swift */; };
		EBD63D6E29E7B1A900F08BB1 /* SelectDonate.swift in Sources */ = {isa = PBXBuildFile; fileRef = EBD63D6D29E7B1A900F08BB1 /* SelectDonate.swift */; };
/* End PBXBuildFile section */

/* Begin PBXFileReference section */
		4275162D29E63C6900EE2D9F /* LandmarkAnnotation.swift */ = {isa = PBXFileReference; lastKnownFileType = sourcecode.swift; path = LandmarkAnnotation.swift; sourceTree = "<group>"; };
		4275162F29E63C7E00EE2D9F /* Landmark.swift */ = {isa = PBXFileReference; lastKnownFileType = sourcecode.swift; path = Landmark.swift; sourceTree = "<group>"; };
		4275163129E63CB400EE2D9F /* ContentView.swift */ = {isa = PBXFileReference; lastKnownFileType = sourcecode.swift; path = ContentView.swift; sourceTree = "<group>"; };
		4275163329E63CCA00EE2D9F /* MapView.swift */ = {isa = PBXFileReference; lastKnownFileType = sourcecode.swift; path = MapView.swift; sourceTree = "<group>"; };
		4275163529E63CEA00EE2D9F /* PlaceListView.swift */ = {isa = PBXFileReference; lastKnownFileType = sourcecode.swift; path = PlaceListView.swift; sourceTree = "<group>"; };
		4275163729E63D1F00EE2D9F /* LocationManagerDonate.swift */ = {isa = PBXFileReference; lastKnownFileType = sourcecode.swift; path = LocationManagerDonate.swift; sourceTree = "<group>"; };
		429A748929D48325007EE95E /* Fashion-App.app */ = {isa = PBXFileReference; explicitFileType = wrapper.application; includeInIndex = 0; path = "Fashion-App.app"; sourceTree = BUILT_PRODUCTS_DIR; };
		429A748C29D48325007EE95E /* Fashion_AppApp.swift */ = {isa = PBXFileReference; lastKnownFileType = sourcecode.swift; path = Fashion_AppApp.swift; sourceTree = "<group>"; };
		429A749029D48326007EE95E /* Assets.xcassets */ = {isa = PBXFileReference; lastKnownFileType = folder.assetcatalog; path = Assets.xcassets; sourceTree = "<group>"; };
		429A749329D48326007EE95E /* Preview Assets.xcassets */ = {isa = PBXFileReference; lastKnownFileType = folder.assetcatalog; path = "Preview Assets.xcassets"; sourceTree = "<group>"; };
		4E181CA829D7365B00A5A49F /* ClothingItem.swift */ = {isa = PBXFileReference; lastKnownFileType = sourcecode.swift; path = ClothingItem.swift; sourceTree = "<group>"; };
		4E181CAA29D756D700A5A49F /* WardrobeStore.swift */ = {isa = PBXFileReference; lastKnownFileType = sourcecode.swift; path = WardrobeStore.swift; sourceTree = "<group>"; };
		4E181CCD29DA215600A5A49F /* RangedSliderView.swift */ = {isa = PBXFileReference; lastKnownFileType = sourcecode.swift; path = RangedSliderView.swift; sourceTree = "<group>"; };
		4E181CD629DA72A500A5A49F /* ImagePicker.swift */ = {isa = PBXFileReference; lastKnownFileType = sourcecode.swift; path = ImagePicker.swift; sourceTree = "<group>"; };
		4E194F4429E1E28A00E47152 /* TodayDetail.swift */ = {isa = PBXFileReference; lastKnownFileType = sourcecode.swift; path = TodayDetail.swift; sourceTree = "<group>"; };
		4E194F4829E1E35600E47152 /* TempView.swift */ = {isa = PBXFileReference; lastKnownFileType = sourcecode.swift; path = TempView.swift; sourceTree = "<group>"; };
		4E194F4A29E1F92F00E47152 /* SingleClothingItemView.swift */ = {isa = PBXFileReference; lastKnownFileType = sourcecode.swift; path = SingleClothingItemView.swift; sourceTree = "<group>"; };
		4E587D9829E50436008DC5F0 /* ClothingImageView.swift */ = {isa = PBXFileReference; lastKnownFileType = sourcecode.swift; path = ClothingImageView.swift; sourceTree = "<group>"; };
		4E587D9A29E5A9CA008DC5F0 /* LocationManager.swift */ = {isa = PBXFileReference; lastKnownFileType = sourcecode.swift; path = LocationManager.swift; sourceTree = "<group>"; };
		4E587D9C29E5AC71008DC5F0 /* LocationAccessView.swift */ = {isa = PBXFileReference; lastKnownFileType = sourcecode.swift; path = LocationAccessView.swift; sourceTree = "<group>"; };
		4E587D9E29E5B366008DC5F0 /* Info.plist */ = {isa = PBXFileReference; lastKnownFileType = text.plist; path = Info.plist; sourceTree = "<group>"; };
		4EE92C3B29D488D30056B868 /* TabContainer.swift */ = {isa = PBXFileReference; lastKnownFileType = sourcecode.swift; path = TabContainer.swift; sourceTree = "<group>"; };
		4EE92C3D29D488FE0056B868 /* APIError.swift */ = {isa = PBXFileReference; lastKnownFileType = sourcecode.swift; path = APIError.swift; sourceTree = "<group>"; };
		4EE92C3F29D489090056B868 /* APIClient.swift */ = {isa = PBXFileReference; lastKnownFileType = sourcecode.swift; path = APIClient.swift; sourceTree = "<group>"; };
		4EE92C4129D489760056B868 /* MyCloset.swift */ = {isa = PBXFileReference; lastKnownFileType = sourcecode.swift; path = MyCloset.swift; sourceTree = "<group>"; };
		4EE92C4329D489800056B868 /* Calendar.swift */ = {isa = PBXFileReference; lastKnownFileType = sourcecode.swift; path = Calendar.swift; sourceTree = "<group>"; };
		4EE92C4529D489890056B868 /* Today.swift */ = {isa = PBXFileReference; lastKnownFileType = sourcecode.swift; path = Today.swift; sourceTree = "<group>"; };
		4EE92C4729D4898F0056B868 /* Donate.swift */ = {isa = PBXFileReference; lastKnownFileType = sourcecode.swift; path = Donate.swift; sourceTree = "<group>"; };
		4EE92C4929D48F2C0056B868 /* ClothingItemForm.swift */ = {isa = PBXFileReference; lastKnownFileType = sourcecode.swift; path = ClothingItemForm.swift; sourceTree = "<group>"; };
		4EFD846429DE3B5D00E31064 /* WeatherEndpoint.swift */ = {isa = PBXFileReference; lastKnownFileType = sourcecode.swift; path = WeatherEndpoint.swift; sourceTree = "<group>"; };
		4EFD846629DE4FD500E31064 /* WeatherAPIClient.swift */ = {isa = PBXFileReference; lastKnownFileType = sourcecode.swift; path = WeatherAPIClient.swift; sourceTree = "<group>"; };
		4EFD846829DE63B700E31064 /* Weather.swift */ = {isa = PBXFileReference; lastKnownFileType = sourcecode.swift; path = Weather.swift; sourceTree = "<group>"; };
		4EFD846A29DF6B6900E31064 /* ForecastLoader.swift */ = {isa = PBXFileReference; lastKnownFileType = sourcecode.swift; path = ForecastLoader.swift; sourceTree = "<group>"; };
		4EFD846C29DF6D4B00E31064 /* CurrentConditionsLoader.swift */ = {isa = PBXFileReference; lastKnownFileType = sourcecode.swift; path = CurrentConditionsLoader.swift; sourceTree = "<group>"; };
		4EFD846E29DF752300E31064 /* NumberFormatter.swift */ = {isa = PBXFileReference; lastKnownFileType = sourcecode.swift; path = NumberFormatter.swift; sourceTree = "<group>"; };
		9FE6858329DE3D9A00A49F8D /* SelectTopForm.swift */ = {isa = PBXFileReference; lastKnownFileType = sourcecode.swift; path = SelectTopForm.swift; sourceTree = "<group>"; };
		9FE6858529DE3DA400A49F8D /* SelectBottomForm.swift */ = {isa = PBXFileReference; lastKnownFileType = sourcecode.swift; path = SelectBottomForm.swift; sourceTree = "<group>"; };
		EBD63D6D29E7B1A900F08BB1 /* SelectDonate.swift */ = {isa = PBXFileReference; lastKnownFileType = sourcecode.swift; path = SelectDonate.swift; sourceTree = "<group>"; };
/* End PBXFileReference section */

/* Begin PBXFrameworksBuildPhase section */
		429A748629D48325007EE95E /* Frameworks */ = {
			isa = PBXFrameworksBuildPhase;
			buildActionMask = 2147483647;
			files = (
			);
			runOnlyForDeploymentPostprocessing = 0;
		};
/* End PBXFrameworksBuildPhase section */

/* Begin PBXGroup section */
		429A748029D48325007EE95E = {
			isa = PBXGroup;
			children = (
				429A748B29D48325007EE95E /* Fashion-App */,
				429A748A29D48325007EE95E /* Products */,
			);
			sourceTree = "<group>";
		};
		429A748A29D48325007EE95E /* Products */ = {
			isa = PBXGroup;
			children = (
				429A748929D48325007EE95E /* Fashion-App.app */,
			);
			name = Products;
			sourceTree = "<group>";
		};
		429A748B29D48325007EE95E /* Fashion-App */ = {
			isa = PBXGroup;
			children = (
				4E587D9E29E5B366008DC5F0 /* Info.plist */,
				4E181CCC29DA213C00A5A49F /* External Components */,
				4EE92C3729D4882A0056B868 /* API */,
				4EE92C3629D488240056B868 /* Features */,
				4EE92C3529D4881E0056B868 /* Services */,
				4EE92C3429D488190056B868 /* Models */,
				429A748C29D48325007EE95E /* Fashion_AppApp.swift */,
				4EE92C3B29D488D30056B868 /* TabContainer.swift */,
				4E587D9C29E5AC71008DC5F0 /* LocationAccessView.swift */,
				429A749029D48326007EE95E /* Assets.xcassets */,
				429A749229D48326007EE95E /* Preview Content */,
			);
			path = "Fashion-App";
			sourceTree = "<group>";
		};
		429A749229D48326007EE95E /* Preview Content */ = {
			isa = PBXGroup;
			children = (
				429A749329D48326007EE95E /* Preview Assets.xcassets */,
			);
			path = "Preview Content";
			sourceTree = "<group>";
		};
		4E181CAC29D7598900A5A49F /* Closet */ = {
			isa = PBXGroup;
			children = (
				4EE92C4129D489760056B868 /* MyCloset.swift */,
				4EE92C4929D48F2C0056B868 /* ClothingItemForm.swift */,
			);
			path = Closet;
			sourceTree = "<group>";
		};
		4E181CAD29D759A600A5A49F /* Calendar */ = {
			isa = PBXGroup;
			children = (
				4EE92C4329D489800056B868 /* Calendar.swift */,
				9FE6858329DE3D9A00A49F8D /* SelectTopForm.swift */,
				9FE6858529DE3DA400A49F8D /* SelectBottomForm.swift */,
			);
			path = Calendar;
			sourceTree = "<group>";
		};
		4E181CAE29D759B400A5A49F /* Today */ = {
			isa = PBXGroup;
			children = (
				4EE92C4529D489890056B868 /* Today.swift */,
				4E194F4429E1E28A00E47152 /* TodayDetail.swift */,
				4E194F4829E1E35600E47152 /* TempView.swift */,
				4E194F4A29E1F92F00E47152 /* SingleClothingItemView.swift */,
				4E587D9829E50436008DC5F0 /* ClothingImageView.swift */,
			);
			path = Today;
			sourceTree = "<group>";
		};
		4E181CAF29D759BD00A5A49F /* Donate */ = {
			isa = PBXGroup;
			children = (
				4EE92C4729D4898F0056B868 /* Donate.swift */,
				EBD63D6D29E7B1A900F08BB1 /* SelectDonate.swift */,
				4275162D29E63C6900EE2D9F /* LandmarkAnnotation.swift */,
				4275162F29E63C7E00EE2D9F /* Landmark.swift */,
				4275163729E63D1F00EE2D9F /* LocationManagerDonate.swift */,
				4275163129E63CB400EE2D9F /* ContentView.swift */,
				4275163329E63CCA00EE2D9F /* MapView.swift */,
				4275163529E63CEA00EE2D9F /* PlaceListView.swift */,
			);
			path = Donate;
			sourceTree = "<group>";
		};
		4E181CCC29DA213C00A5A49F /* External Components */ = {
			isa = PBXGroup;
			children = (
				4E181CCD29DA215600A5A49F /* RangedSliderView.swift */,
				4E181CD629DA72A500A5A49F /* ImagePicker.swift */,
				4EFD846E29DF752300E31064 /* NumberFormatter.swift */,
				4E587D9A29E5A9CA008DC5F0 /* LocationManager.swift */,
			);
			path = "External Components";
			sourceTree = "<group>";
		};
		4EE92C3429D488190056B868 /* Models */ = {
			isa = PBXGroup;
			children = (
				4E181CA829D7365B00A5A49F /* ClothingItem.swift */,
				4EFD846829DE63B700E31064 /* Weather.swift */,
			);
			path = Models;
			sourceTree = "<group>";
		};
		4EE92C3529D4881E0056B868 /* Services */ = {
			isa = PBXGroup;
			children = (
				4E181CAA29D756D700A5A49F /* WardrobeStore.swift */,
				4EFD846A29DF6B6900E31064 /* ForecastLoader.swift */,
				4EFD846C29DF6D4B00E31064 /* CurrentConditionsLoader.swift */,
			);
			path = Services;
			sourceTree = "<group>";
		};
		4EE92C3629D488240056B868 /* Features */ = {
			isa = PBXGroup;
			children = (
				4E181CAF29D759BD00A5A49F /* Donate */,
				4E181CAE29D759B400A5A49F /* Today */,
				4E181CAD29D759A600A5A49F /* Calendar */,
				4E181CAC29D7598900A5A49F /* Closet */,
			);
			path = Features;
			sourceTree = "<group>";
		};
		4EE92C3729D4882A0056B868 /* API */ = {
			isa = PBXGroup;
			children = (
				4EE92C3829D488310056B868 /* APIClient */,
				4EFD846429DE3B5D00E31064 /* WeatherEndpoint.swift */,
				4EFD846629DE4FD500E31064 /* WeatherAPIClient.swift */,
			);
			path = API;
			sourceTree = "<group>";
		};
		4EE92C3829D488310056B868 /* APIClient */ = {
			isa = PBXGroup;
			children = (
				4EE92C3D29D488FE0056B868 /* APIError.swift */,
				4EE92C3F29D489090056B868 /* APIClient.swift */,
			);
			path = APIClient;
			sourceTree = "<group>";
		};
/* End PBXGroup section */

/* Begin PBXNativeTarget section */
		429A748829D48325007EE95E /* Fashion-App */ = {
			isa = PBXNativeTarget;
			buildConfigurationList = 429A749729D48326007EE95E /* Build configuration list for PBXNativeTarget "Fashion-App" */;
			buildPhases = (
				429A748529D48325007EE95E /* Sources */,
				429A748629D48325007EE95E /* Frameworks */,
				429A748729D48325007EE95E /* Resources */,
			);
			buildRules = (
			);
			dependencies = (
			);
			name = "Fashion-App";
			productName = "Fashion-App";
			productReference = 429A748929D48325007EE95E /* Fashion-App.app */;
			productType = "com.apple.product-type.application";
		};
/* End PBXNativeTarget section */

/* Begin PBXProject section */
		429A748129D48325007EE95E /* Project object */ = {
			isa = PBXProject;
			attributes = {
				BuildIndependentTargetsInParallel = 1;
				LastSwiftUpdateCheck = 1420;
				LastUpgradeCheck = 1420;
				TargetAttributes = {
					429A748829D48325007EE95E = {
						CreatedOnToolsVersion = 14.2;
					};
				};
			};
			buildConfigurationList = 429A748429D48325007EE95E /* Build configuration list for PBXProject "Fashion-App" */;
			compatibilityVersion = "Xcode 14.0";
			developmentRegion = en;
			hasScannedForEncodings = 0;
			knownRegions = (
				en,
				Base,
			);
			mainGroup = 429A748029D48325007EE95E;
			productRefGroup = 429A748A29D48325007EE95E /* Products */;
			projectDirPath = "";
			projectRoot = "";
			targets = (
				429A748829D48325007EE95E /* Fashion-App */,
			);
		};
/* End PBXProject section */

/* Begin PBXResourcesBuildPhase section */
		429A748729D48325007EE95E /* Resources */ = {
			isa = PBXResourcesBuildPhase;
			buildActionMask = 2147483647;
			files = (
				429A749429D48326007EE95E /* Preview Assets.xcassets in Resources */,
				429A749129D48326007EE95E /* Assets.xcassets in Resources */,
			);
			runOnlyForDeploymentPostprocessing = 0;
		};
/* End PBXResourcesBuildPhase section */

/* Begin PBXSourcesBuildPhase section */
		429A748529D48325007EE95E /* Sources */ = {
			isa = PBXSourcesBuildPhase;
			buildActionMask = 2147483647;
			files = (
				4E194F4929E1E35600E47152 /* TempView.swift in Sources */,
				4275163429E63CCA00EE2D9F /* MapView.swift in Sources */,
				4E181CCE29DA215600A5A49F /* RangedSliderView.swift in Sources */,
				4EE92C4A29D48F2C0056B868 /* ClothingItemForm.swift in Sources */,
				9FE6858429DE3D9A00A49F8D /* SelectTopForm.swift in Sources */,
				4EE92C3C29D488D30056B868 /* TabContainer.swift in Sources */,
				4EFD846F29DF752300E31064 /* NumberFormatter.swift in Sources */,
				4E194F4529E1E28A00E47152 /* TodayDetail.swift in Sources */,
				4E587D9929E50436008DC5F0 /* ClothingImageView.swift in Sources */,
				4E181CA929D7365B00A5A49F /* ClothingItem.swift in Sources */,
				EBD63D6E29E7B1A900F08BB1 /* SelectDonate.swift in Sources */,
				4EE92C3E29D488FE0056B868 /* APIError.swift in Sources */,
				9FE6858629DE3DA400A49F8D /* SelectBottomForm.swift in Sources */,
				4275163229E63CB400EE2D9F /* ContentView.swift in Sources */,
				4E181CAB29D756D700A5A49F /* WardrobeStore.swift in Sources */,
				4EE92C4829D4898F0056B868 /* Donate.swift in Sources */,
				4EE92C4229D489760056B868 /* MyCloset.swift in Sources */,
				4275162E29E63C6900EE2D9F /* LandmarkAnnotation.swift in Sources */,
				4275163829E63D1F00EE2D9F /* LocationManagerDonate.swift in Sources */,
				4EFD846929DE63B700E31064 /* Weather.swift in Sources */,
				4EE92C4029D489090056B868 /* APIClient.swift in Sources */,
				4EFD846B29DF6B6900E31064 /* ForecastLoader.swift in Sources */,
				4EFD846729DE4FD500E31064 /* WeatherAPIClient.swift in Sources */,
				429A748D29D48325007EE95E /* Fashion_AppApp.swift in Sources */,
				4E181CD729DA72A500A5A49F /* ImagePicker.swift in Sources */,
				4EE92C4429D489800056B868 /* Calendar.swift in Sources */,
				4EE92C4629D489890056B868 /* Today.swift in Sources */,
				4E587D9B29E5A9CA008DC5F0 /* LocationManager.swift in Sources */,
				4275163629E63CEA00EE2D9F /* PlaceListView.swift in Sources */,
				4E587D9D29E5AC71008DC5F0 /* LocationAccessView.swift in Sources */,
				4EFD846D29DF6D4B00E31064 /* CurrentConditionsLoader.swift in Sources */,
				4EFD846529DE3B5D00E31064 /* WeatherEndpoint.swift in Sources */,
				4E194F4B29E1F92F00E47152 /* SingleClothingItemView.swift in Sources */,
				4275163029E63C7E00EE2D9F /* Landmark.swift in Sources */,
			);
			runOnlyForDeploymentPostprocessing = 0;
		};
/* End PBXSourcesBuildPhase section */

/* Begin XCBuildConfiguration section */
		429A749529D48326007EE95E /* Debug */ = {
			isa = XCBuildConfiguration;
			buildSettings = {
				ALWAYS_SEARCH_USER_PATHS = NO;
				CLANG_ANALYZER_NONNULL = YES;
				CLANG_ANALYZER_NUMBER_OBJECT_CONVERSION = YES_AGGRESSIVE;
				CLANG_CXX_LANGUAGE_STANDARD = "gnu++20";
				CLANG_ENABLE_MODULES = YES;
				CLANG_ENABLE_OBJC_ARC = YES;
				CLANG_ENABLE_OBJC_WEAK = YES;
				CLANG_WARN_BLOCK_CAPTURE_AUTORELEASING = YES;
				CLANG_WARN_BOOL_CONVERSION = YES;
				CLANG_WARN_COMMA = YES;
				CLANG_WARN_CONSTANT_CONVERSION = YES;
				CLANG_WARN_DEPRECATED_OBJC_IMPLEMENTATIONS = YES;
				CLANG_WARN_DIRECT_OBJC_ISA_USAGE = YES_ERROR;
				CLANG_WARN_DOCUMENTATION_COMMENTS = YES;
				CLANG_WARN_EMPTY_BODY = YES;
				CLANG_WARN_ENUM_CONVERSION = YES;
				CLANG_WARN_INFINITE_RECURSION = YES;
				CLANG_WARN_INT_CONVERSION = YES;
				CLANG_WARN_NON_LITERAL_NULL_CONVERSION = YES;
				CLANG_WARN_OBJC_IMPLICIT_RETAIN_SELF = YES;
				CLANG_WARN_OBJC_LITERAL_CONVERSION = YES;
				CLANG_WARN_OBJC_ROOT_CLASS = YES_ERROR;
				CLANG_WARN_QUOTED_INCLUDE_IN_FRAMEWORK_HEADER = YES;
				CLANG_WARN_RANGE_LOOP_ANALYSIS = YES;
				CLANG_WARN_STRICT_PROTOTYPES = YES;
				CLANG_WARN_SUSPICIOUS_MOVE = YES;
				CLANG_WARN_UNGUARDED_AVAILABILITY = YES_AGGRESSIVE;
				CLANG_WARN_UNREACHABLE_CODE = YES;
				CLANG_WARN__DUPLICATE_METHOD_MATCH = YES;
				COPY_PHASE_STRIP = NO;
				DEBUG_INFORMATION_FORMAT = dwarf;
				ENABLE_STRICT_OBJC_MSGSEND = YES;
				ENABLE_TESTABILITY = YES;
				GCC_C_LANGUAGE_STANDARD = gnu11;
				GCC_DYNAMIC_NO_PIC = NO;
				GCC_NO_COMMON_BLOCKS = YES;
				GCC_OPTIMIZATION_LEVEL = 0;
				GCC_PREPROCESSOR_DEFINITIONS = (
					"DEBUG=1",
					"$(inherited)",
				);
				GCC_WARN_64_TO_32_BIT_CONVERSION = YES;
				GCC_WARN_ABOUT_RETURN_TYPE = YES_ERROR;
				GCC_WARN_UNDECLARED_SELECTOR = YES;
				GCC_WARN_UNINITIALIZED_AUTOS = YES_AGGRESSIVE;
				GCC_WARN_UNUSED_FUNCTION = YES;
				GCC_WARN_UNUSED_VARIABLE = YES;
				IPHONEOS_DEPLOYMENT_TARGET = 16.2;
				MTL_ENABLE_DEBUG_INFO = INCLUDE_SOURCE;
				MTL_FAST_MATH = YES;
				ONLY_ACTIVE_ARCH = YES;
				SDKROOT = iphoneos;
				SWIFT_ACTIVE_COMPILATION_CONDITIONS = DEBUG;
				SWIFT_OPTIMIZATION_LEVEL = "-Onone";
			};
			name = Debug;
		};
		429A749629D48326007EE95E /* Release */ = {
			isa = XCBuildConfiguration;
			buildSettings = {
				ALWAYS_SEARCH_USER_PATHS = NO;
				CLANG_ANALYZER_NONNULL = YES;
				CLANG_ANALYZER_NUMBER_OBJECT_CONVERSION = YES_AGGRESSIVE;
				CLANG_CXX_LANGUAGE_STANDARD = "gnu++20";
				CLANG_ENABLE_MODULES = YES;
				CLANG_ENABLE_OBJC_ARC = YES;
				CLANG_ENABLE_OBJC_WEAK = YES;
				CLANG_WARN_BLOCK_CAPTURE_AUTORELEASING = YES;
				CLANG_WARN_BOOL_CONVERSION = YES;
				CLANG_WARN_COMMA = YES;
				CLANG_WARN_CONSTANT_CONVERSION = YES;
				CLANG_WARN_DEPRECATED_OBJC_IMPLEMENTATIONS = YES;
				CLANG_WARN_DIRECT_OBJC_ISA_USAGE = YES_ERROR;
				CLANG_WARN_DOCUMENTATION_COMMENTS = YES;
				CLANG_WARN_EMPTY_BODY = YES;
				CLANG_WARN_ENUM_CONVERSION = YES;
				CLANG_WARN_INFINITE_RECURSION = YES;
				CLANG_WARN_INT_CONVERSION = YES;
				CLANG_WARN_NON_LITERAL_NULL_CONVERSION = YES;
				CLANG_WARN_OBJC_IMPLICIT_RETAIN_SELF = YES;
				CLANG_WARN_OBJC_LITERAL_CONVERSION = YES;
				CLANG_WARN_OBJC_ROOT_CLASS = YES_ERROR;
				CLANG_WARN_QUOTED_INCLUDE_IN_FRAMEWORK_HEADER = YES;
				CLANG_WARN_RANGE_LOOP_ANALYSIS = YES;
				CLANG_WARN_STRICT_PROTOTYPES = YES;
				CLANG_WARN_SUSPICIOUS_MOVE = YES;
				CLANG_WARN_UNGUARDED_AVAILABILITY = YES_AGGRESSIVE;
				CLANG_WARN_UNREACHABLE_CODE = YES;
				CLANG_WARN__DUPLICATE_METHOD_MATCH = YES;
				COPY_PHASE_STRIP = NO;
				DEBUG_INFORMATION_FORMAT = "dwarf-with-dsym";
				ENABLE_NS_ASSERTIONS = NO;
				ENABLE_STRICT_OBJC_MSGSEND = YES;
				GCC_C_LANGUAGE_STANDARD = gnu11;
				GCC_NO_COMMON_BLOCKS = YES;
				GCC_WARN_64_TO_32_BIT_CONVERSION = YES;
				GCC_WARN_ABOUT_RETURN_TYPE = YES_ERROR;
				GCC_WARN_UNDECLARED_SELECTOR = YES;
				GCC_WARN_UNINITIALIZED_AUTOS = YES_AGGRESSIVE;
				GCC_WARN_UNUSED_FUNCTION = YES;
				GCC_WARN_UNUSED_VARIABLE = YES;
				IPHONEOS_DEPLOYMENT_TARGET = 16.2;
				MTL_ENABLE_DEBUG_INFO = NO;
				MTL_FAST_MATH = YES;
				SDKROOT = iphoneos;
				SWIFT_COMPILATION_MODE = wholemodule;
				SWIFT_OPTIMIZATION_LEVEL = "-O";
				VALIDATE_PRODUCT = YES;
			};
			name = Release;
		};
		429A749829D48326007EE95E /* Debug */ = {
			isa = XCBuildConfiguration;
			buildSettings = {
				ASSETCATALOG_COMPILER_APPICON_NAME = AppIcon;
				ASSETCATALOG_COMPILER_GLOBAL_ACCENT_COLOR_NAME = AccentColor;
				CODE_SIGN_STYLE = Automatic;
				CURRENT_PROJECT_VERSION = 1;
				DEVELOPMENT_ASSET_PATHS = "\"Fashion-App/Preview Content\"";
				DEVELOPMENT_TEAM = 6N7D9YPFFG;
				ENABLE_PREVIEWS = YES;
				GENERATE_INFOPLIST_FILE = YES;
				INFOPLIST_FILE = "Fashion-App/Info.plist";
				INFOPLIST_KEY_NSLocationAlwaysAndWhenInUseUsageDescription = "Please allow us to access your location";
				INFOPLIST_KEY_NSLocationWhenInUseUsageDescription = "Necessary for weather-based outfit recommendations";
				INFOPLIST_KEY_UIApplicationSceneManifest_Generation = YES;
				INFOPLIST_KEY_UIApplicationSupportsIndirectInputEvents = YES;
				INFOPLIST_KEY_UILaunchScreen_Generation = YES;
				INFOPLIST_KEY_UISupportedInterfaceOrientations_iPad = "UIInterfaceOrientationPortrait UIInterfaceOrientationPortraitUpsideDown UIInterfaceOrientationLandscapeLeft UIInterfaceOrientationLandscapeRight";
				INFOPLIST_KEY_UISupportedInterfaceOrientations_iPhone = "UIInterfaceOrientationPortrait UIInterfaceOrientationLandscapeLeft UIInterfaceOrientationLandscapeRight";
				LD_RUNPATH_SEARCH_PATHS = (
					"$(inherited)",
					"@executable_path/Frameworks",
				);
				MARKETING_VERSION = 1.0;
				PRODUCT_BUNDLE_IDENTIFIER = "edu.duke.ar535.Fashion-App";
				PRODUCT_NAME = "$(TARGET_NAME)";
				SWIFT_EMIT_LOC_STRINGS = YES;
				SWIFT_VERSION = 5.0;
				TARGETED_DEVICE_FAMILY = "1,2";
			};
			name = Debug;
		};
		429A749929D48326007EE95E /* Release */ = {
			isa = XCBuildConfiguration;
			buildSettings = {
				ASSETCATALOG_COMPILER_APPICON_NAME = AppIcon;
				ASSETCATALOG_COMPILER_GLOBAL_ACCENT_COLOR_NAME = AccentColor;
				CODE_SIGN_STYLE = Automatic;
				CURRENT_PROJECT_VERSION = 1;
				DEVELOPMENT_ASSET_PATHS = "\"Fashion-App/Preview Content\"";
				DEVELOPMENT_TEAM = 6N7D9YPFFG;
				ENABLE_PREVIEWS = YES;
				GENERATE_INFOPLIST_FILE = YES;
				INFOPLIST_FILE = "Fashion-App/Info.plist";
				INFOPLIST_KEY_NSLocationAlwaysAndWhenInUseUsageDescription = "Please allow us to access your location";
				INFOPLIST_KEY_NSLocationWhenInUseUsageDescription = "Necessary for weather-based outfit recommendations";
				INFOPLIST_KEY_UIApplicationSceneManifest_Generation = YES;
				INFOPLIST_KEY_UIApplicationSupportsIndirectInputEvents = YES;
				INFOPLIST_KEY_UILaunchScreen_Generation = YES;
				INFOPLIST_KEY_UISupportedInterfaceOrientations_iPad = "UIInterfaceOrientationPortrait UIInterfaceOrientationPortraitUpsideDown UIInterfaceOrientationLandscapeLeft UIInterfaceOrientationLandscapeRight";
				INFOPLIST_KEY_UISupportedInterfaceOrientations_iPhone = "UIInterfaceOrientationPortrait UIInterfaceOrientationLandscapeLeft UIInterfaceOrientationLandscapeRight";
				LD_RUNPATH_SEARCH_PATHS = (
					"$(inherited)",
					"@executable_path/Frameworks",
				);
				MARKETING_VERSION = 1.0;
				PRODUCT_BUNDLE_IDENTIFIER = "edu.duke.ar535.Fashion-App";
				PRODUCT_NAME = "$(TARGET_NAME)";
				SWIFT_EMIT_LOC_STRINGS = YES;
				SWIFT_VERSION = 5.0;
				TARGETED_DEVICE_FAMILY = "1,2";
			};
			name = Release;
		};
/* End XCBuildConfiguration section */

/* Begin XCConfigurationList section */
		429A748429D48325007EE95E /* Build configuration list for PBXProject "Fashion-App" */ = {
			isa = XCConfigurationList;
			buildConfigurations = (
				429A749529D48326007EE95E /* Debug */,
				429A749629D48326007EE95E /* Release */,
			);
			defaultConfigurationIsVisible = 0;
			defaultConfigurationName = Release;
		};
		429A749729D48326007EE95E /* Build configuration list for PBXNativeTarget "Fashion-App" */ = {
			isa = XCConfigurationList;
			buildConfigurations = (
				429A749829D48326007EE95E /* Debug */,
				429A749929D48326007EE95E /* Release */,
			);
			defaultConfigurationIsVisible = 0;
			defaultConfigurationName = Release;
		};
/* End XCConfigurationList section */
	};
	rootObject = 429A748129D48325007EE95E /* Project object */;
}
